
Microsoft Visual Studio Solution File, Format Version 12.00
# Visual Studio Version 17
VisualStudioVersion = 17.12.35527.113 d17.12
MinimumVisualStudioVersion = 10.0.40219.1
Project("{FAE04EC0-301F-11D3-BF4B-00C04F79EFBC}") = "Entity Framework Core Demos", "Entity Framework Core Demos\Entity Framework Core Demos.csproj", "{09677917-994B-4D94-BD0D-1259DAEB1AB4}"
EndProject
Project("{FAE04EC0-301F-11D3-BF4B-00C04F79EFBC}") = "Part 02 Inhertiance", "Part 02 Inhertiance\Part 02 Inhertiance.csproj", "{536BFC6C-96A1-42F2-A2D1-F4DB82C3D3BC}"
EndProject
Project("{FAE04EC0-301F-11D3-BF4B-00C04F79EFBC}") = "Database First", "Database First\Database First.csproj", "{62325CE3-FF3F-47B4-99FA-B944D9E94113}"
EndProject
Global
	GlobalSection(SolutionConfigurationPlatforms) = preSolution
		Debug|Any CPU = Debug|Any CPU
		Release|Any CPU = Release|Any CPU
	EndGlobalSection
	GlobalSection(ProjectConfigurationPlatforms) = postSolution
		{09677917-994B-4D94-BD0D-1259DAEB1AB4}.Debug|Any CPU.ActiveCfg = Debug|Any CPU
		{09677917-994B-4D94-BD0D-1259DAEB1AB4}.Debug|Any CPU.Build.0 = Debug|Any CPU
		{09677917-994B-4D94-BD0D-1259DAEB1AB4}.Release|Any CPU.ActiveCfg = Release|Any CPU
		{09677917-994B-4D94-BD0D-1259DAEB1AB4}.Release|Any CPU.Build.0 = Release|Any CPU
		{536BFC6C-96A1-42F2-A2D1-F4DB82C3D3BC}.Debug|Any CPU.ActiveCfg = Debug|Any CPU
		{536BFC6C-96A1-42F2-A2D1-F4DB82C3D3BC}.Debug|Any CPU.Build.0 = Debug|Any CPU
		{536BFC6C-96A1-42F2-A2D1-F4DB82C3D3BC}.Release|Any CPU.ActiveCfg = Release|Any CPU
		{536BFC6C-96A1-42F2-A2D1-F4DB82C3D3BC}.Release|Any CPU.Build.0 = Release|Any CPU
		{62325CE3-FF3F-47B4-99FA-B944D9E94113}.Debug|Any CPU.ActiveCfg = Debug|Any CPU
		{62325CE3-FF3F-47B4-99FA-B944D9E94113}.Debug|Any CPU.Build.0 = Debug|Any CPU
		{62325CE3-FF3F-47B4-99FA-B944D9E94113}.Release|Any CPU.ActiveCfg = Release|Any CPU
		{62325CE3-FF3F-47B4-99FA-B944D9E94113}.Release|Any CPU.Build.0 = Release|Any CPU
	EndGlobalSection
	GlobalSection(SolutionProperties) = preSolution
		HideSolutionNode = FALSE
	EndGlobalSection
EndGlobal
